
Microsoft Visual Studio Solution File, Format Version 12.00
# Visual Studio 14
VisualStudioVersion = 14.0.25123.0
MinimumVisualStudioVersion = 10.0.40219.1
Project("{FAE04EC0-301F-11D3-BF4B-00C04F79EFBC}") = "UserStorage", "UserStorage\UserStorage.csproj", "{ED2FF53F-FE16-4E65-B4F2-04555FCCFF1F}"
EndProject
Project("{FAE04EC0-301F-11D3-BF4B-00C04F79EFBC}") = "UserStorage.Factory", "UserStorage.Factory\UserStorage.Factory.csproj", "{67538D0A-293B-4760-88E8-1ADB98934CD5}"
EndProject
Project("{FAE04EC0-301F-11D3-BF4B-00C04F79EFBC}") = "UserStorage.Factory.Tests", "UserStorage.Factory.Tests\UserStorage.Factory.Tests.csproj", "{C3DF9BEF-E258-43DD-8BEA-C73ACBBC2CDB}"
EndProject
Project("{FAE04EC0-301F-11D3-BF4B-00C04F79EFBC}") = "UserStorage.Tests", "UserStorage.Tests\UserStorage.Tests.csproj", "{317908BB-36F2-44BB-818D-04828D34D2FC}"
EndProject
Project("{FAE04EC0-301F-11D3-BF4B-00C04F79EFBC}") = "ConsoleClient", "ConsoleClient\ConsoleClient.csproj", "{54EEF659-E2E6-4C48-B3FA-67847853B27D}"
EndProject
Global
	GlobalSection(SolutionConfigurationPlatforms) = preSolution
		Debug|Any CPU = Debug|Any CPU
		Release|Any CPU = Release|Any CPU
	EndGlobalSection
	GlobalSection(ProjectConfigurationPlatforms) = postSolution
		{ED2FF53F-FE16-4E65-B4F2-04555FCCFF1F}.Debug|Any CPU.ActiveCfg = Debug|Any CPU
		{ED2FF53F-FE16-4E65-B4F2-04555FCCFF1F}.Debug|Any CPU.Build.0 = Debug|Any CPU
		{ED2FF53F-FE16-4E65-B4F2-04555FCCFF1F}.Release|Any CPU.ActiveCfg = Release|Any CPU
		{ED2FF53F-FE16-4E65-B4F2-04555FCCFF1F}.Release|Any CPU.Build.0 = Release|Any CPU
		{67538D0A-293B-4760-88E8-1ADB98934CD5}.Debug|Any CPU.ActiveCfg = Debug|Any CPU
		{67538D0A-293B-4760-88E8-1ADB98934CD5}.Debug|Any CPU.Build.0 = Debug|Any CPU
		{67538D0A-293B-4760-88E8-1ADB98934CD5}.Release|Any CPU.ActiveCfg = Release|Any CPU
		{67538D0A-293B-4760-88E8-1ADB98934CD5}.Release|Any CPU.Build.0 = Release|Any CPU
		{C3DF9BEF-E258-43DD-8BEA-C73ACBBC2CDB}.Debug|Any CPU.ActiveCfg = Debug|Any CPU
		{C3DF9BEF-E258-43DD-8BEA-C73ACBBC2CDB}.Release|Any CPU.ActiveCfg = Release|Any CPU
		{C3DF9BEF-E258-43DD-8BEA-C73ACBBC2CDB}.Release|Any CPU.Build.0 = Release|Any CPU
		{317908BB-36F2-44BB-818D-04828D34D2FC}.Debug|Any CPU.ActiveCfg = Debug|Any CPU
		{317908BB-36F2-44BB-818D-04828D34D2FC}.Release|Any CPU.ActiveCfg = Release|Any CPU
		{317908BB-36F2-44BB-818D-04828D34D2FC}.Release|Any CPU.Build.0 = Release|Any CPU
		{54EEF659-E2E6-4C48-B3FA-67847853B27D}.Debug|Any CPU.ActiveCfg = Debug|Any CPU
		{54EEF659-E2E6-4C48-B3FA-67847853B27D}.Debug|Any CPU.Build.0 = Debug|Any CPU
		{54EEF659-E2E6-4C48-B3FA-67847853B27D}.Release|Any CPU.ActiveCfg = Release|Any CPU
		{54EEF659-E2E6-4C48-B3FA-67847853B27D}.Release|Any CPU.Build.0 = Release|Any CPU
	EndGlobalSection
	GlobalSection(SolutionProperties) = preSolution
		HideSolutionNode = FALSE
	EndGlobalSection
EndGlobal
