
Microsoft Visual Studio Solution File, Format Version 12.00
# Visual Studio 14
VisualStudioVersion = 14.0.25123.0
MinimumVisualStudioVersion = 10.0.40219.1
Project("{FAE04EC0-301F-11D3-BF4B-00C04F79EFBC}") = "UserStorage", "UserStorage\UserStorage.csproj", "{DFC679BC-C1ED-4C16-A6DD-DCD1E491DD65}"
EndProject
Project("{FAE04EC0-301F-11D3-BF4B-00C04F79EFBC}") = "UserStorage.Tests", "UserStorage.Tests\UserStorage.Tests.csproj", "{D0CB29CA-E32B-4FAC-A122-D6E143125D4D}"
EndProject
Global
	GlobalSection(SolutionConfigurationPlatforms) = preSolution
		Debug|Any CPU = Debug|Any CPU
		Release|Any CPU = Release|Any CPU
	EndGlobalSection
	GlobalSection(ProjectConfigurationPlatforms) = postSolution
		{DFC679BC-C1ED-4C16-A6DD-DCD1E491DD65}.Debug|Any CPU.ActiveCfg = Debug|Any CPU
		{DFC679BC-C1ED-4C16-A6DD-DCD1E491DD65}.Debug|Any CPU.Build.0 = Debug|Any CPU
		{DFC679BC-C1ED-4C16-A6DD-DCD1E491DD65}.Release|Any CPU.ActiveCfg = Release|Any CPU
		{DFC679BC-C1ED-4C16-A6DD-DCD1E491DD65}.Release|Any CPU.Build.0 = Release|Any CPU
		{D0CB29CA-E32B-4FAC-A122-D6E143125D4D}.Debug|Any CPU.ActiveCfg = Debug|Any CPU
		{D0CB29CA-E32B-4FAC-A122-D6E143125D4D}.Debug|Any CPU.Build.0 = Debug|Any CPU
		{D0CB29CA-E32B-4FAC-A122-D6E143125D4D}.Release|Any CPU.ActiveCfg = Release|Any CPU
		{D0CB29CA-E32B-4FAC-A122-D6E143125D4D}.Release|Any CPU.Build.0 = Release|Any CPU
	EndGlobalSection
	GlobalSection(SolutionProperties) = preSolution
		HideSolutionNode = FALSE
	EndGlobalSection
EndGlobal
