
Microsoft Visual Studio Solution File, Format Version 12.00
# Visual Studio 14
VisualStudioVersion = 14.0.25420.1
MinimumVisualStudioVersion = 10.0.40219.1
Project("{FAE04EC0-301F-11D3-BF4B-00C04F79EFBC}") = "Attributes", "Attributes\Attributes.csproj", "{9F377D92-6D75-4401-8BA1-99D69C9F9700}"
EndProject
Project("{FAE04EC0-301F-11D3-BF4B-00C04F79EFBC}") = "Attributes.Tests", "Attributes.Tests\Attributes.Tests.csproj", "{393658B7-D86E-426B-B1D5-5EB193F2E6DB}"
EndProject
Global
	GlobalSection(SolutionConfigurationPlatforms) = preSolution
		Debug|Any CPU = Debug|Any CPU
		Release|Any CPU = Release|Any CPU
	EndGlobalSection
	GlobalSection(ProjectConfigurationPlatforms) = postSolution
		{9F377D92-6D75-4401-8BA1-99D69C9F9700}.Debug|Any CPU.ActiveCfg = Debug|Any CPU
		{9F377D92-6D75-4401-8BA1-99D69C9F9700}.Debug|Any CPU.Build.0 = Debug|Any CPU
		{9F377D92-6D75-4401-8BA1-99D69C9F9700}.Release|Any CPU.ActiveCfg = Release|Any CPU
		{9F377D92-6D75-4401-8BA1-99D69C9F9700}.Release|Any CPU.Build.0 = Release|Any CPU
		{393658B7-D86E-426B-B1D5-5EB193F2E6DB}.Debug|Any CPU.ActiveCfg = Debug|Any CPU
		{393658B7-D86E-426B-B1D5-5EB193F2E6DB}.Debug|Any CPU.Build.0 = Debug|Any CPU
		{393658B7-D86E-426B-B1D5-5EB193F2E6DB}.Release|Any CPU.ActiveCfg = Release|Any CPU
		{393658B7-D86E-426B-B1D5-5EB193F2E6DB}.Release|Any CPU.Build.0 = Release|Any CPU
	EndGlobalSection
	GlobalSection(SolutionProperties) = preSolution
		HideSolutionNode = FALSE
	EndGlobalSection
EndGlobal
